
Microsoft Visual Studio Solution File, Format Version 12.00
# Visual Studio Version 16
VisualStudioVersion = 16.0.31702.278
MinimumVisualStudioVersion = 10.0.40219.1
Project("{FAE04EC0-301F-11D3-BF4B-00C04F79EFBC}") = "BasicClassesExercise", "BasicClassesExercise\BasicClassesExercise.csproj", "{70EA50C1-39AD-47CA-992E-D7EC62E5D6F6}"
EndProject
Global
	GlobalSection(SolutionConfigurationPlatforms) = preSolution
		Debug|Any CPU = Debug|Any CPU
		Release|Any CPU = Release|Any CPU
	EndGlobalSection
	GlobalSection(ProjectConfigurationPlatforms) = postSolution
		{70EA50C1-39AD-47CA-992E-D7EC62E5D6F6}.Debug|Any CPU.ActiveCfg = Debug|Any CPU
		{70EA50C1-39AD-47CA-992E-D7EC62E5D6F6}.Debug|Any CPU.Build.0 = Debug|Any CPU
		{70EA50C1-39AD-47CA-992E-D7EC62E5D6F6}.Release|Any CPU.ActiveCfg = Release|Any CPU
		{70EA50C1-39AD-47CA-992E-D7EC62E5D6F6}.Release|Any CPU.Build.0 = Release|Any CPU
	EndGlobalSection
	GlobalSection(SolutionProperties) = preSolution
		HideSolutionNode = FALSE
	EndGlobalSection
	GlobalSection(ExtensibilityGlobals) = postSolution
		SolutionGuid = {AE3E92C4-17BE-4FB0-A7C4-F809B41F3982}
	EndGlobalSection
EndGlobal
